
Microsoft Visual Studio Solution File, Format Version 12.00
# Visual Studio Version 17
VisualStudioVersion = 17.1.32210.238
MinimumVisualStudioVersion = 10.0.40219.1
Project("{FAE04EC0-301F-11D3-BF4B-00C04F79EFBC}") = "HelloWorldCombinedAuth", "HelloWorldCombinedAuth.csproj", "{5905DDE3-0041-4ACD-931F-DD9BA7889439}"
EndProject
Global
	GlobalSection(SolutionConfigurationPlatforms) = preSolution
		Debug|Any CPU = Debug|Any CPU
		Release|Any CPU = Release|Any CPU
	EndGlobalSection
	GlobalSection(ProjectConfigurationPlatforms) = postSolution
		{5905DDE3-0041-4ACD-931F-DD9BA7889439}.Debug|Any CPU.ActiveCfg = Debug|Any CPU
		{5905DDE3-0041-4ACD-931F-DD9BA7889439}.Debug|Any CPU.Build.0 = Debug|Any CPU
		{5905DDE3-0041-4ACD-931F-DD9BA7889439}.Release|Any CPU.ActiveCfg = Release|Any CPU
		{5905DDE3-0041-4ACD-931F-DD9BA7889439}.Release|Any CPU.Build.0 = Release|Any CPU
	EndGlobalSection
	GlobalSection(SolutionProperties) = preSolution
		HideSolutionNode = FALSE
	EndGlobalSection
	GlobalSection(ExtensibilityGlobals) = postSolution
		SolutionGuid = {42C96049-878A-4E3B-9776-A58DF3BCC4F9}
	EndGlobalSection
EndGlobal
